// !$*UTF8*$!
{
	archiveVersion = 1;
	classes = {
	};
	objectVersion = 77;
	objects = {

/* Begin PBXContainerItemProxy section */
		BAF9862C2E605EE30096930E /* PBXContainerItemProxy */ = {
			isa = PBXContainerItemProxy;
			containerPortal = BAF9860D2E605EE00096930E /* Project object */;
			proxyType = 1;
			remoteGlobalIDString = BAF986142E605EE00096930E;
			remoteInfo = "Harkness Discussion App";
		};
		BAF986362E605EE30096930E /* PBXContainerItemProxy */ = {
			isa = PBXContainerItemProxy;
			containerPortal = BAF9860D2E605EE00096930E /* Project object */;
			proxyType = 1;
			remoteGlobalIDString = BAF986142E605EE00096930E;
			remoteInfo = "Harkness Discussion App";
		};
/* End PBXContainerItemProxy section */

/* Begin PBXFileReference section */
		BA49452A2E9F321A00FE2699 /* FastDraw.xcodeproj */ = {isa = PBXFileReference; lastKnownFileType = "wrapper.pb-project"; name = FastDraw.xcodeproj; path = "../FastDraw-master/FastDraw/FastDraw.xcodeproj"; sourceTree = SOURCE_ROOT; };
		BAF986152E605EE00096930E /* Harkness Discussion App.app */ = {isa = PBXFileReference; explicitFileType = wrapper.application; includeInIndex = 0; path = "Harkness Discussion App.app"; sourceTree = BUILT_PRODUCTS_DIR; };
		BAF9862B2E605EE30096930E /* Harkness Discussion AppTests.xctest */ = {isa = PBXFileReference; explicitFileType = wrapper.cfbundle; includeInIndex = 0; path = "Harkness Discussion AppTests.xctest"; sourceTree = BUILT_PRODUCTS_DIR; };
		BAF986352E605EE30096930E /* Harkness Discussion AppUITests.xctest */ = {isa = PBXFileReference; explicitFileType = wrapper.cfbundle; includeInIndex = 0; path = "Harkness Discussion AppUITests.xctest"; sourceTree = BUILT_PRODUCTS_DIR; };
/* End PBXFileReference section */

/* Begin PBXFileSystemSynchronizedBuildFileExceptionSet section */
		BAF9863D2E605EE30096930E /* Exceptions for "Harkness Discussion App" folder in "Harkness Discussion App" target */ = {
			isa = PBXFileSystemSynchronizedBuildFileExceptionSet;
			membershipExceptions = (
				Info.plist,
			);
			target = BAF986142E605EE00096930E /* Harkness Discussion App */;
		};
/* End PBXFileSystemSynchronizedBuildFileExceptionSet section */

/* Begin PBXFileSystemSynchronizedRootGroup section */
		BAF986172E605EE00096930E /* Harkness Discussion App */ = {
			isa = PBXFileSystemSynchronizedRootGroup;
			exceptions = (
				BAF9863D2E605EE30096930E /* Exceptions for "Harkness Discussion App" folder in "Harkness Discussion App" target */,
			);
			path = "Harkness Discussion App";
			sourceTree = "<group>";
		};
		BAF9862E2E605EE30096930E /* Harkness Discussion AppTests */ = {
			isa = PBXFileSystemSynchronizedRootGroup;
			path = "Harkness Discussion AppTests";
			sourceTree = "<group>";
		};
		BAF986382E605EE30096930E /* Harkness Discussion AppUITests */ = {
			isa = PBXFileSystemSynchronizedRootGroup;
			path = "Harkness Discussion AppUITests";
			sourceTree = "<group>";
		};
/* End PBXFileSystemSynchronizedRootGroup section */

/* Begin PBXFrameworksBuildPhase section */
		BAF986122E605EE00096930E /* Frameworks */ = {
			isa = PBXFrameworksBuildPhase;
			buildActionMask = 2147483647;
			files = (
			);
			runOnlyForDeploymentPostprocessing = 0;
		};
		BAF986282E605EE30096930E /* Frameworks */ = {
			isa = PBXFrameworksBuildPhase;
			buildActionMask = 2147483647;
			files = (
			);
			runOnlyForDeploymentPostprocessing = 0;
		};
		BAF986322E605EE30096930E /* Frameworks */ = {
			isa = PBXFrameworksBuildPhase;
			buildActionMask = 2147483647;
			files = (
			);
			runOnlyForDeploymentPostprocessing = 0;
		};
/* End PBXFrameworksBuildPhase section */

/* Begin PBXGroup section */
		BA13D6192E67F8840021F537 /* Frameworks */ = {
			isa = PBXGroup;
			children = (
				BA49452A2E9F321A00FE2699 /* FastDraw.xcodeproj */,
			);
			name = Frameworks;
			sourceTree = "<group>";
		};
		BA49452D2E9F321A00FE2699 /* Products */ = {
			isa = PBXGroup;
			children = (
			);
			name = Products;
			sourceTree = "<group>";
		};
		BAF9860C2E605EE00096930E = {
			isa = PBXGroup;
			children = (
				BAF986172E605EE00096930E /* Harkness Discussion App */,
				BAF9862E2E605EE30096930E /* Harkness Discussion AppTests */,
				BAF986382E605EE30096930E /* Harkness Discussion AppUITests */,
				BA13D6192E67F8840021F537 /* Frameworks */,
				BAF986162E605EE00096930E /* Products */,
			);
			sourceTree = "<group>";
		};
		BAF986162E605EE00096930E /* Products */ = {
			isa = PBXGroup;
			children = (
				BAF986152E605EE00096930E /* Harkness Discussion App.app */,
				BAF9862B2E605EE30096930E /* Harkness Discussion AppTests.xctest */,
				BAF986352E605EE30096930E /* Harkness Discussion AppUITests.xctest */,
			);
			name = Products;
			sourceTree = "<group>";
		};
/* End PBXGroup section */

/* Begin PBXNativeTarget section */
		BAF986142E605EE00096930E /* Harkness Discussion App */ = {
			isa = PBXNativeTarget;
			buildConfigurationList = BAF9863E2E605EE30096930E /* Build configuration list for PBXNativeTarget "Harkness Discussion App" */;
			buildPhases = (
				BAF986112E605EE00096930E /* Sources */,
				BAF986122E605EE00096930E /* Frameworks */,
				BAF986132E605EE00096930E /* Resources */,
			);
			buildRules = (
			);
			dependencies = (
			);
			fileSystemSynchronizedGroups = (
				BAF986172E605EE00096930E /* Harkness Discussion App */,
			);
			name = "Harkness Discussion App";
			packageProductDependencies = (
			);
			productName = "Harkness Discussion App";
			productReference = BAF986152E605EE00096930E /* Harkness Discussion App.app */;
			productType = "com.apple.product-type.application";
		};
		BAF9862A2E605EE30096930E /* Harkness Discussion AppTests */ = {
			isa = PBXNativeTarget;
			buildConfigurationList = BAF986432E605EE30096930E /* Build configuration list for PBXNativeTarget "Harkness Discussion AppTests" */;
			buildPhases = (
				BAF986272E605EE30096930E /* Sources */,
				BAF986282E605EE30096930E /* Frameworks */,
				BAF986292E605EE30096930E /* Resources */,
			);
			buildRules = (
			);
			dependencies = (
				BAF9862D2E605EE30096930E /* PBXTargetDependency */,
			);
			fileSystemSynchronizedGroups = (
				BAF9862E2E605EE30096930E /* Harkness Discussion AppTests */,
			);
			name = "Harkness Discussion AppTests";
			packageProductDependencies = (
			);
			productName = "Harkness Discussion AppTests";
			productReference = BAF9862B2E605EE30096930E /* Harkness Discussion AppTests.xctest */;
			productType = "com.apple.product-type.bundle.unit-test";
		};
		BAF986342E605EE30096930E /* Harkness Discussion AppUITests */ = {
			isa = PBXNativeTarget;
			buildConfigurationList = BAF986462E605EE30096930E /* Build configuration list for PBXNativeTarget "Harkness Discussion AppUITests" */;
			buildPhases = (
				BAF986312E605EE30096930E /* Sources */,
				BAF986322E605EE30096930E /* Frameworks */,
				BAF986332E605EE30096930E /* Resources */,
			);
			buildRules = (
			);
			dependencies = (
				BAF986372E605EE30096930E /* PBXTargetDependency */,
			);
			fileSystemSynchronizedGroups = (
				BAF986382E605EE30096930E /* Harkness Discussion AppUITests */,
			);
			name = "Harkness Discussion AppUITests";
			packageProductDependencies = (
			);
			productName = "Harkness Discussion AppUITests";
			productReference = BAF986352E605EE30096930E /* Harkness Discussion AppUITests.xctest */;
			productType = "com.apple.product-type.bundle.ui-testing";
		};
/* End PBXNativeTarget section */

/* Begin PBXProject section */
		BAF9860D2E605EE00096930E /* Project object */ = {
			isa = PBXProject;
			attributes = {
				BuildIndependentTargetsInParallel = 1;
				LastSwiftUpdateCheck = 1620;
				LastUpgradeCheck = 1620;
				TargetAttributes = {
					BAF986142E605EE00096930E = {
						CreatedOnToolsVersion = 16.2;
					};
					BAF9862A2E605EE30096930E = {
						CreatedOnToolsVersion = 16.2;
						TestTargetID = BAF986142E605EE00096930E;
					};
					BAF986342E605EE30096930E = {
						CreatedOnToolsVersion = 16.2;
						TestTargetID = BAF986142E605EE00096930E;
					};
				};
			};
			buildConfigurationList = BAF986102E605EE00096930E /* Build configuration list for PBXProject "Harkness Discussion App" */;
			developmentRegion = en;
			hasScannedForEncodings = 0;
			knownRegions = (
				en,
				Base,
			);
			mainGroup = BAF9860C2E605EE00096930E;
			minimizedProjectReferenceProxies = 1;
			packageReferences = (
				BA4945292E9F2AF600FE2699 /* XCRemoteSwiftPackageReference "FastDraw" */,
			);
			preferredProjectObjectVersion = 77;
			productRefGroup = BAF986162E605EE00096930E /* Products */;
			projectDirPath = "";
			projectReferences = (
				{
					ProductGroup = BA49452D2E9F321A00FE2699 /* Products */;
					ProjectRef = BA49452A2E9F321A00FE2699 /* FastDraw.xcodeproj */;
				},
			);
			projectRoot = "";
			targets = (
				BAF986142E605EE00096930E /* Harkness Discussion App */,
				BAF9862A2E605EE30096930E /* Harkness Discussion AppTests */,
				BAF986342E605EE30096930E /* Harkness Discussion AppUITests */,
			);
		};
/* End PBXProject section */

/* Begin PBXResourcesBuildPhase section */
		BAF986132E605EE00096930E /* Resources */ = {
			isa = PBXResourcesBuildPhase;
			buildActionMask = 2147483647;
			files = (
			);
			runOnlyForDeploymentPostprocessing = 0;
		};
		BAF986292E605EE30096930E /* Resources */ = {
			isa = PBXResourcesBuildPhase;
			buildActionMask = 2147483647;
			files = (
			);
			runOnlyForDeploymentPostprocessing = 0;
		};
		BAF986332E605EE30096930E /* Resources */ = {
			isa = PBXResourcesBuildPhase;
			buildActionMask = 2147483647;
			files = (
			);
			runOnlyForDeploymentPostprocessing = 0;
		};
/* End PBXResourcesBuildPhase section */

/* Begin PBXSourcesBuildPhase section */
		BAF986112E605EE00096930E /* Sources */ = {
			isa = PBXSourcesBuildPhase;
			buildActionMask = 2147483647;
			files = (
			);
			runOnlyForDeploymentPostprocessing = 0;
		};
		BAF986272E605EE30096930E /* Sources */ = {
			isa = PBXSourcesBuildPhase;
			buildActionMask = 2147483647;
			files = (
			);
			runOnlyForDeploymentPostprocessing = 0;
		};
		BAF986312E605EE30096930E /* Sources */ = {
			isa = PBXSourcesBuildPhase;
			buildActionMask = 2147483647;
			files = (
			);
			runOnlyForDeploymentPostprocessing = 0;
		};
/* End PBXSourcesBuildPhase section */

/* Begin PBXTargetDependency section */
		BAF9862D2E605EE30096930E /* PBXTargetDependency */ = {
			isa = PBXTargetDependency;
			target = BAF986142E605EE00096930E /* Harkness Discussion App */;
			targetProxy = BAF9862C2E605EE30096930E /* PBXContainerItemProxy */;
		};
		BAF986372E605EE30096930E /* PBXTargetDependency */ = {
			isa = PBXTargetDependency;
			target = BAF986142E605EE00096930E /* Harkness Discussion App */;
			targetProxy = BAF986362E605EE30096930E /* PBXContainerItemProxy */;
		};
/* End PBXTargetDependency section */

/* Begin XCBuildConfiguration section */
		BAF9863F2E605EE30096930E /* Debug */ = {
			isa = XCBuildConfiguration;
			buildSettings = {
				ASSETCATALOG_COMPILER_GLOBAL_ACCENT_COLOR_NAME = AccentColor;
				CODE_SIGN_STYLE = Automatic;
				CURRENT_PROJECT_VERSION = 1;
				GENERATE_INFOPLIST_FILE = YES;
				INFOPLIST_FILE = "Harkness Discussion App/Info.plist";
				INFOPLIST_KEY_UIApplicationSupportsIndirectInputEvents = YES;
				INFOPLIST_KEY_UILaunchStoryboardName = LaunchScreen;
				INFOPLIST_KEY_UIMainStoryboardFile = Main;
				INFOPLIST_KEY_UISupportedInterfaceOrientations_iPad = "UIInterfaceOrientationPortrait UIInterfaceOrientationPortraitUpsideDown UIInterfaceOrientationLandscapeLeft UIInterfaceOrientationLandscapeRight";
				INFOPLIST_KEY_UISupportedInterfaceOrientations_iPhone = "UIInterfaceOrientationPortrait UIInterfaceOrientationLandscapeLeft UIInterfaceOrientationLandscapeRight";
				LD_RUNPATH_SEARCH_PATHS = (
					"$(inherited)",
					"@executable_path/Frameworks",
				);
				MARKETING_VERSION = 1.0;
				PRODUCT_BUNDLE_IDENTIFIER = "com.Kaust.Harkness-Discussion-App";
				PRODUCT_NAME = "$(TARGET_NAME)";
				SWIFT_EMIT_LOC_STRINGS = YES;
				SWIFT_VERSION = 5.0;
				TARGETED_DEVICE_FAMILY = "1,2";
			};
			name = Debug;
		};
		BAF986402E605EE30096930E /* Release */ = {
			isa = XCBuildConfiguration;
			buildSettings = {
				ASSETCATALOG_COMPILER_GLOBAL_ACCENT_COLOR_NAME = AccentColor;
				CODE_SIGN_STYLE = Automatic;
				CURRENT_PROJECT_VERSION = 1;
				GENERATE_INFOPLIST_FILE = YES;
				INFOPLIST_FILE = "Harkness Discussion App/Info.plist";
				INFOPLIST_KEY_UIApplicationSupportsIndirectInputEvents = YES;
				INFOPLIST_KEY_UILaunchStoryboardName = LaunchScreen;
				INFOPLIST_KEY_UIMainStoryboardFile = Main;
				INFOPLIST_KEY_UISupportedInterfaceOrientations_iPad = "UIInterfaceOrientationPortrait UIInterfaceOrientationPortraitUpsideDown UIInterfaceOrientationLandscapeLeft UIInterfaceOrientationLandscapeRight";
				INFOPLIST_KEY_UISupportedInterfaceOrientations_iPhone = "UIInterfaceOrientationPortrait UIInterfaceOrientationLandscapeLeft UIInterfaceOrientationLandscapeRight";
				LD_RUNPATH_SEARCH_PATHS = (
					"$(inherited)",
					"@executable_path/Frameworks",
				);
				MARKETING_VERSION = 1.0;
				PRODUCT_BUNDLE_IDENTIFIER = "com.Kaust.Harkness-Discussion-App";
				PRODUCT_NAME = "$(TARGET_NAME)";
				SWIFT_EMIT_LOC_STRINGS = YES;
				SWIFT_VERSION = 5.0;
				TARGETED_DEVICE_FAMILY = "1,2";
			};
			name = Release;
		};
		BAF986412E605EE30096930E /* Debug */ = {
			isa = XCBuildConfiguration;
			buildSettings = {
				ALWAYS_SEARCH_USER_PATHS = NO;
				ASSETCATALOG_COMPILER_GENERATE_SWIFT_ASSET_SYMBOL_EXTENSIONS = YES;
				CLANG_ANALYZER_NONNULL = YES;
				CLANG_ANALYZER_NUMBER_OBJECT_CONVERSION = YES_AGGRESSIVE;
				CLANG_CXX_LANGUAGE_STANDARD = "gnu++20";
				CLANG_ENABLE_MODULES = YES;
				CLANG_ENABLE_OBJC_ARC = YES;
				CLANG_ENABLE_OBJC_WEAK = YES;
				CLANG_WARN_BLOCK_CAPTURE_AUTORELEASING = YES;
				CLANG_WARN_BOOL_CONVERSION = YES;
				CLANG_WARN_COMMA = YES;
				CLANG_WARN_CONSTANT_CONVERSION = YES;
				CLANG_WARN_DEPRECATED_OBJC_IMPLEMENTATIONS = YES;
				CLANG_WARN_DIRECT_OBJC_ISA_USAGE = YES_ERROR;
				CLANG_WARN_DOCUMENTATION_COMMENTS = YES;
				CLANG_WARN_EMPTY_BODY = YES;
				CLANG_WARN_ENUM_CONVERSION = YES;
				CLANG_WARN_INFINITE_RECURSION = YES;
				CLANG_WARN_INT_CONVERSION = YES;
				CLANG_WARN_NON_LITERAL_NULL_CONVERSION = YES;
				CLANG_WARN_OBJC_IMPLICIT_RETAIN_SELF = YES;
				CLANG_WARN_OBJC_LITERAL_CONVERSION = YES;
				CLANG_WARN_OBJC_ROOT_CLASS = YES_ERROR;
				CLANG_WARN_QUOTED_INCLUDE_IN_FRAMEWORK_HEADER = YES;
				CLANG_WARN_RANGE_LOOP_ANALYSIS = YES;
				CLANG_WARN_STRICT_PROTOTYPES = YES;
				CLANG_WARN_SUSPICIOUS_MOVE = YES;
				CLANG_WARN_UNGUARDED_AVAILABILITY = YES_AGGRESSIVE;
				CLANG_WARN_UNREACHABLE_CODE = YES;
				CLANG_WARN__DUPLICATE_METHOD_MATCH = YES;
				COPY_PHASE_STRIP = NO;
				DEBUG_INFORMATION_FORMAT = dwarf;
				ENABLE_STRICT_OBJC_MSGSEND = YES;
				ENABLE_TESTABILITY = YES;
				ENABLE_USER_SCRIPT_SANDBOXING = YES;
				GCC_C_LANGUAGE_STANDARD = gnu17;
				GCC_DYNAMIC_NO_PIC = NO;
				GCC_NO_COMMON_BLOCKS = YES;
				GCC_OPTIMIZATION_LEVEL = 0;
				GCC_PREPROCESSOR_DEFINITIONS = (
					"DEBUG=1",
					"$(inherited)",
				);
				GCC_WARN_64_TO_32_BIT_CONVERSION = YES;
				GCC_WARN_ABOUT_RETURN_TYPE = YES_ERROR;
				GCC_WARN_UNDECLARED_SELECTOR = YES;
				GCC_WARN_UNINITIALIZED_AUTOS = YES_AGGRESSIVE;
				GCC_WARN_UNUSED_FUNCTION = YES;
				GCC_WARN_UNUSED_VARIABLE = YES;
				IPHONEOS_DEPLOYMENT_TARGET = 18.2;
				LOCALIZATION_PREFERS_STRING_CATALOGS = YES;
				MTL_ENABLE_DEBUG_INFO = INCLUDE_SOURCE;
				MTL_FAST_MATH = YES;
				ONLY_ACTIVE_ARCH = YES;
				SDKROOT = iphoneos;
				SWIFT_ACTIVE_COMPILATION_CONDITIONS = "DEBUG $(inherited)";
				SWIFT_OPTIMIZATION_LEVEL = "-Onone";
			};
			name = Debug;
		};
		BAF986422E605EE30096930E /* Release */ = {
			isa = XCBuildConfiguration;
			buildSettings = {
				ALWAYS_SEARCH_USER_PATHS = NO;
				ASSETCATALOG_COMPILER_GENERATE_SWIFT_ASSET_SYMBOL_EXTENSIONS = YES;
				CLANG_ANALYZER_NONNULL = YES;
				CLANG_ANALYZER_NUMBER_OBJECT_CONVERSION = YES_AGGRESSIVE;
				CLANG_CXX_LANGUAGE_STANDARD = "gnu++20";
				CLANG_ENABLE_MODULES = YES;
				CLANG_ENABLE_OBJC_ARC = YES;
				CLANG_ENABLE_OBJC_WEAK = YES;
				CLANG_WARN_BLOCK_CAPTURE_AUTORELEASING = YES;
				CLANG_WARN_BOOL_CONVERSION = YES;
				CLANG_WARN_COMMA = YES;
				CLANG_WARN_CONSTANT_CONVERSION = YES;
				CLANG_WARN_DEPRECATED_OBJC_IMPLEMENTATIONS = YES;
				CLANG_WARN_DIRECT_OBJC_ISA_USAGE = YES_ERROR;
				CLANG_WARN_DOCUMENTATION_COMMENTS = YES;
				CLANG_WARN_EMPTY_BODY = YES;
				CLANG_WARN_ENUM_CONVERSION = YES;
				CLANG_WARN_INFINITE_RECURSION = YES;
				CLANG_WARN_INT_CONVERSION = YES;
				CLANG_WARN_NON_LITERAL_NULL_CONVERSION = YES;
				CLANG_WARN_OBJC_IMPLICIT_RETAIN_SELF = YES;
				CLANG_WARN_OBJC_LITERAL_CONVERSION = YES;
				CLANG_WARN_OBJC_ROOT_CLASS = YES_ERROR;
				CLANG_WARN_QUOTED_INCLUDE_IN_FRAMEWORK_HEADER = YES;
				CLANG_WARN_RANGE_LOOP_ANALYSIS = YES;
				CLANG_WARN_STRICT_PROTOTYPES = YES;
				CLANG_WARN_SUSPICIOUS_MOVE = YES;
				CLANG_WARN_UNGUARDED_AVAILABILITY = YES_AGGRESSIVE;
				CLANG_WARN_UNREACHABLE_CODE = YES;
				CLANG_WARN__DUPLICATE_METHOD_MATCH = YES;
				COPY_PHASE_STRIP = NO;
				DEBUG_INFORMATION_FORMAT = "dwarf-with-dsym";
				ENABLE_NS_ASSERTIONS = NO;
				ENABLE_STRICT_OBJC_MSGSEND = YES;
				ENABLE_USER_SCRIPT_SANDBOXING = YES;
				GCC_C_LANGUAGE_STANDARD = gnu17;
				GCC_NO_COMMON_BLOCKS = YES;
				GCC_WARN_64_TO_32_BIT_CONVERSION = YES;
				GCC_WARN_ABOUT_RETURN_TYPE = YES_ERROR;
				GCC_WARN_UNDECLARED_SELECTOR = YES;
				GCC_WARN_UNINITIALIZED_AUTOS = YES_AGGRESSIVE;
				GCC_WARN_UNUSED_FUNCTION = YES;
				GCC_WARN_UNUSED_VARIABLE = YES;
				IPHONEOS_DEPLOYMENT_TARGET = 18.2;
				LOCALIZATION_PREFERS_STRING_CATALOGS = YES;
				MTL_ENABLE_DEBUG_INFO = NO;
				MTL_FAST_MATH = YES;
				SDKROOT = iphoneos;
				SWIFT_COMPILATION_MODE = wholemodule;
				VALIDATE_PRODUCT = YES;
			};
			name = Release;
		};
		BAF986442E605EE30096930E /* Debug */ = {
			isa = XCBuildConfiguration;
			buildSettings = {
				BUNDLE_LOADER = "$(TEST_HOST)";
				CODE_SIGN_STYLE = Automatic;
				CURRENT_PROJECT_VERSION = 1;
				GENERATE_INFOPLIST_FILE = YES;
				IPHONEOS_DEPLOYMENT_TARGET = 18.2;
				MARKETING_VERSION = 1.0;
				PRODUCT_BUNDLE_IDENTIFIER = "com.Kaust.Harkness-Discussion-AppTests";
				PRODUCT_NAME = "$(TARGET_NAME)";
				SWIFT_EMIT_LOC_STRINGS = NO;
				SWIFT_VERSION = 5.0;
				TARGETED_DEVICE_FAMILY = "1,2";
				TEST_HOST = "$(BUILT_PRODUCTS_DIR)/Harkness Discussion App.app/$(BUNDLE_EXECUTABLE_FOLDER_PATH)/Harkness Discussion App";
			};
			name = Debug;
		};
		BAF986452E605EE30096930E /* Release */ = {
			isa = XCBuildConfiguration;
			buildSettings = {
				BUNDLE_LOADER = "$(TEST_HOST)";
				CODE_SIGN_STYLE = Automatic;
				CURRENT_PROJECT_VERSION = 1;
				GENERATE_INFOPLIST_FILE = YES;
				IPHONEOS_DEPLOYMENT_TARGET = 18.2;
				MARKETING_VERSION = 1.0;
				PRODUCT_BUNDLE_IDENTIFIER = "com.Kaust.Harkness-Discussion-AppTests";
				PRODUCT_NAME = "$(TARGET_NAME)";
				SWIFT_EMIT_LOC_STRINGS = NO;
				SWIFT_VERSION = 5.0;
				TARGETED_DEVICE_FAMILY = "1,2";
				TEST_HOST = "$(BUILT_PRODUCTS_DIR)/Harkness Discussion App.app/$(BUNDLE_EXECUTABLE_FOLDER_PATH)/Harkness Discussion App";
			};
			name = Release;
		};
		BAF986472E605EE30096930E /* Debug */ = {
			isa = XCBuildConfiguration;
			buildSettings = {
				CODE_SIGN_STYLE = Automatic;
				CURRENT_PROJECT_VERSION = 1;
				GENERATE_INFOPLIST_FILE = YES;
				MARKETING_VERSION = 1.0;
				PRODUCT_BUNDLE_IDENTIFIER = "com.Kaust.Harkness-Discussion-AppUITests";
				PRODUCT_NAME = "$(TARGET_NAME)";
				SWIFT_EMIT_LOC_STRINGS = NO;
				SWIFT_VERSION = 5.0;
				TARGETED_DEVICE_FAMILY = "1,2";
				TEST_TARGET_NAME = "Harkness Discussion App";
			};
			name = Debug;
		};
		BAF986482E605EE30096930E /* Release */ = {
			isa = XCBuildConfiguration;
			buildSettings = {
				CODE_SIGN_STYLE = Automatic;
				CURRENT_PROJECT_VERSION = 1;
				GENERATE_INFOPLIST_FILE = YES;
				MARKETING_VERSION = 1.0;
				PRODUCT_BUNDLE_IDENTIFIER = "com.Kaust.Harkness-Discussion-AppUITests";
				PRODUCT_NAME = "$(TARGET_NAME)";
				SWIFT_EMIT_LOC_STRINGS = NO;
				SWIFT_VERSION = 5.0;
				TARGETED_DEVICE_FAMILY = "1,2";
				TEST_TARGET_NAME = "Harkness Discussion App";
			};
			name = Release;
		};
/* End XCBuildConfiguration section */

/* Begin XCConfigurationList section */
		BAF986102E605EE00096930E /* Build configuration list for PBXProject "Harkness Discussion App" */ = {
			isa = XCConfigurationList;
			buildConfigurations = (
				BAF986412E605EE30096930E /* Debug */,
				BAF986422E605EE30096930E /* Release */,
			);
			defaultConfigurationIsVisible = 0;
			defaultConfigurationName = Release;
		};
		BAF9863E2E605EE30096930E /* Build configuration list for PBXNativeTarget "Harkness Discussion App" */ = {
			isa = XCConfigurationList;
			buildConfigurations = (
				BAF9863F2E605EE30096930E /* Debug */,
				BAF986402E605EE30096930E /* Release */,
			);
			defaultConfigurationIsVisible = 0;
			defaultConfigurationName = Release;
		};
		BAF986432E605EE30096930E /* Build configuration list for PBXNativeTarget "Harkness Discussion AppTests" */ = {
			isa = XCConfigurationList;
			buildConfigurations = (
				BAF986442E605EE30096930E /* Debug */,
				BAF986452E605EE30096930E /* Release */,
			);
			defaultConfigurationIsVisible = 0;
			defaultConfigurationName = Release;
		};
		BAF986462E605EE30096930E /* Build configuration list for PBXNativeTarget "Harkness Discussion AppUITests" */ = {
			isa = XCConfigurationList;
			buildConfigurations = (
				BAF986472E605EE30096930E /* Debug */,
				BAF986482E605EE30096930E /* Release */,
			);
			defaultConfigurationIsVisible = 0;
			defaultConfigurationName = Release;
		};
/* End XCConfigurationList section */

/* Begin XCRemoteSwiftPackageReference section */
		BA4945292E9F2AF600FE2699 /* XCRemoteSwiftPackageReference "FastDraw" */ = {
			isa = XCRemoteSwiftPackageReference;
			repositoryURL = "https://github.com/collinzrj/FastDraw";
			requirement = {
				branch = master;
				kind = branch;
			};
		};
/* End XCRemoteSwiftPackageReference section */
	};
	rootObject = BAF9860D2E605EE00096930E /* Project object */;
}
